<?xml version="1.0" encoding="utf-8"?>
<Project ToolsVersion="4.0" xmlns="http://schemas.microsoft.com/developer/msbuild/2003">
  <ItemGroup>
    <Filter Include="Source Files">
      <UniqueIdentifier>{4FC737F1-C7A5-4376-A066-2A32D752A2FF}</UniqueIdentifier>
      <Extensions>qml;cpp;c;cc;cxx;def;odl;idl;hpj;bat;asm;asmx</Extensions>
    </Filter>
    <Filter Include="Header Files">
      <UniqueIdentifier>{93995380-89BD-4b04-88EB-625FBE52EBFB}</UniqueIdentifier>
      <Extensions>h;hh;hpp;hxx;hm;inl;inc;xsd</Extensions>
    </Filter>
    <Filter Include="Resource Files">
      <UniqueIdentifier>{67DA6AB6-F800-4c08-8B7A-83BB121AAD01}</UniqueIdentifier>
      <Extensions>qrc;rc;ico;cur;bmp;dlg;rc2;rct;bin;rgs;gif;jpg;jpeg;jpe;resx;tiff;tif;png;wav;mfcribbon-ms</Extensions>
    </Filter>
    <Filter Include="Form Files">
      <UniqueIdentifier>{99349809-55BA-4b9d-BF79-8FDBB0286EB3}</UniqueIdentifier>
      <Extensions>ui</Extensions>
    </Filter>
    <Filter Include="Translation Files">
      <UniqueIdentifier>{639EADAA-A684-42e4-A9AD-28FC9BCB8F7C}</UniqueIdentifier>
      <Extensions>ts</Extensions>
    </Filter>
  </ItemGroup>
  <ItemGroup>
    <QtRcc Include="A9.qrc">
      <Filter>Resource Files</Filter>
    </QtRcc>
    <QtUic Include="A9.ui">
      <Filter>Form Files</Filter>
    </QtUic>
    <QtMoc Include="A9.h">
      <Filter>Header Files</Filter>
    </QtMoc>
    <ClCompile Include="A9.cpp">
      <Filter>Source Files</Filter>
    </ClCompile>
  </ItemGroup>
  <ItemGroup>
    <ClCompile Include="main.cpp">
      <Filter>Source Files</Filter>
    </ClCompile>
    <ClCompile Include="Coat.cpp">
      <Filter>Source Files</Filter>
    </ClCompile>
    <ClCompile Include="Repository.cpp">
      <Filter>Source Files</Filter>
    </ClCompile>
    <ClCompile Include="FakeRepository.cpp">
      <Filter>Source Files</Filter>
    </ClCompile>
    <ClCompile Include="AdminService.cpp">
      <Filter>Source Files</Filter>
    </ClCompile>
    <ClCompile Include="UserService.cpp">
      <Filter>Source Files</Filter>
    </ClCompile>
    <ClCompile Include="Utilis.cpp">
      <Filter>Source Files</Filter>
    </ClCompile>
    <ClCompile Include="Tests.cpp">
      <Filter>Source Files</Filter>
    </ClCompile>
    <ClCompile Include="CsvShoppingBasket.cpp">
      <Filter>Source Files</Filter>
    </ClCompile>
    <ClCompile Include="Exception.cpp">
      <Filter>Source Files</Filter>
    </ClCompile>
    <ClCompile Include="HtmlShoppingBasket.cpp">
      <Filter>Source Files</Filter>
    </ClCompile>
    <ClCompile Include="ShoppingBasket.cpp">
      <Filter>Source Files</Filter>
    </ClCompile>
    <ClCompile Include="FileShoppingBasket.cpp">
      <Filter>Source Files</Filter>
    </ClCompile>
    <ClCompile Include="Gui.cpp">
      <Filter>Source Files</Filter>
    </ClCompile>
  </ItemGroup>
  <ItemGroup>
    <ClInclude Include="Coat.h">
      <Filter>Header Files</Filter>
    </ClInclude>
    <ClInclude Include="Repository.h">
      <Filter>Header Files</Filter>
    </ClInclude>
    <ClInclude Include="FakeRepository.h">
      <Filter>Header Files</Filter>
    </ClInclude>
    <ClInclude Include="AdminService.h">
      <Filter>Header Files</Filter>
    </ClInclude>
    <ClInclude Include="UserService.h">
      <Filter>Header Files</Filter>
    </ClInclude>
    <ClInclude Include="Utilis.h">
      <Filter>Header Files</Filter>
    </ClInclude>
    <ClInclude Include="Tests.h">
      <Filter>Header Files</Filter>
    </ClInclude>
    <ClInclude Include="CsvShoppingBasket.h">
      <Filter>Header Files</Filter>
    </ClInclude>
    <ClInclude Include="Exception.h">
      <Filter>Header Files</Filter>
    </ClInclude>
    <ClInclude Include="HtmlShoppingBasket.h">
      <Filter>Header Files</Filter>
    </ClInclude>
    <ClInclude Include="ShoppingBasket.h">
      <Filter>Header Files</Filter>
    </ClInclude>
    <ClInclude Include="FileShoppingBasket.h">
      <Filter>Header Files</Filter>
    </ClInclude>
  </ItemGroup>
  <ItemGroup>
    <Text Include="Coats.txt">
      <Filter>Source Files</Filter>
    </Text>
  </ItemGroup>
  <ItemGroup>
    <QtMoc Include="Gui.h">
      <Filter>Header Files</Filter>
    </QtMoc>
  </ItemGroup>
  <ItemGroup>
    <None Include="shoppingBasket.csv">
      <Filter>Source Files</Filter>
    </None>
  </ItemGroup>
</Project>