
Microsoft Visual Studio Solution File, Format Version 12.00
# Visual Studio Version 17
VisualStudioVersion = 17.9.34728.123
MinimumVisualStudioVersion = 10.0.40219.1
Project("{FAE04EC0-301F-11D3-BF4B-00C04F79EFBC}") = "Practic", "Practic.csproj", "{F0FBB02E-5578-4D0B-A899-B66E910819BA}"
EndProject
Global
	GlobalSection(SolutionConfigurationPlatforms) = preSolution
		Debug|Any CPU = Debug|Any CPU
		Release|Any CPU = Release|Any CPU
	EndGlobalSection
	GlobalSection(ProjectConfigurationPlatforms) = postSolution
		{F0FBB02E-5578-4D0B-A899-B66E910819BA}.Debug|Any CPU.ActiveCfg = Debug|Any CPU
		{F0FBB02E-5578-4D0B-A899-B66E910819BA}.Debug|Any CPU.Build.0 = Debug|Any CPU
		{F0FBB02E-5578-4D0B-A899-B66E910819BA}.Release|Any CPU.ActiveCfg = Release|Any CPU
		{F0FBB02E-5578-4D0B-A899-B66E910819BA}.Release|Any CPU.Build.0 = Release|Any CPU
	EndGlobalSection
	GlobalSection(SolutionProperties) = preSolution
		HideSolutionNode = FALSE
	EndGlobalSection
	GlobalSection(ExtensibilityGlobals) = postSolution
		SolutionGuid = {8644975C-97C8-49EE-B491-28DD0781EF11}
	EndGlobalSection
EndGlobal
